Microsoft Visual Studio Solution File, Format Version 11.00
# Visual Studio 2008

Project("{6C6A8863-D6EE-875E-8FA5-C751CD12EBBA}") = "0614omoroh", "Assembly-CSharp-firstpass-vs.csproj", "{6B543E51-88BE-3C1B-5375-3D98245CF647}"
EndProject
Project("{6C6A8863-D6EE-875E-8FA5-C751CD12EBBA}") = "0614omoroh", "Assembly-CSharp-vs.csproj", "{4287D79D-A36B-4DDE-3741-EFCAF58E359A}"
EndProject
Project("{6C6A8863-D6EE-875E-8FA5-C751CD12EBBA}") = "0614omoroh", "Assembly-CSharp-Editor-vs.csproj", "{BF09A801-F853-666E-E98F-4EF1A4CAC004}"
EndProject
Global
	GlobalSection(SolutionConfigurationPlatforms) = preSolution
		Debug|Any CPU = Debug|Any CPU
		Release|Any CPU = Release|Any CPU
	EndGlobalSection
	GlobalSection(ProjectConfigurationPlatforms) = postSolution
		{6B543E51-88BE-3C1B-5375-3D98245CF647}.Debug|Any CPU.ActiveCfg = Debug|Any CPU
		{6B543E51-88BE-3C1B-5375-3D98245CF647}.Debug|Any CPU.Build.0 = Debug|Any CPU
		{6B543E51-88BE-3C1B-5375-3D98245CF647}.Release|Any CPU.ActiveCfg = Release|Any CPU
		{6B543E51-88BE-3C1B-5375-3D98245CF647}.Release|Any CPU.Build.0 = Release|Any CPU
		{4287D79D-A36B-4DDE-3741-EFCAF58E359A}.Debug|Any CPU.ActiveCfg = Debug|Any CPU
		{4287D79D-A36B-4DDE-3741-EFCAF58E359A}.Debug|Any CPU.Build.0 = Debug|Any CPU
		{4287D79D-A36B-4DDE-3741-EFCAF58E359A}.Release|Any CPU.ActiveCfg = Release|Any CPU
		{4287D79D-A36B-4DDE-3741-EFCAF58E359A}.Release|Any CPU.Build.0 = Release|Any CPU
		{BF09A801-F853-666E-E98F-4EF1A4CAC004}.Debug|Any CPU.ActiveCfg = Debug|Any CPU
		{BF09A801-F853-666E-E98F-4EF1A4CAC004}.Debug|Any CPU.Build.0 = Debug|Any CPU
		{BF09A801-F853-666E-E98F-4EF1A4CAC004}.Release|Any CPU.ActiveCfg = Release|Any CPU
		{BF09A801-F853-666E-E98F-4EF1A4CAC004}.Release|Any CPU.Build.0 = Release|Any CPU
	EndGlobalSection
	GlobalSection(SolutionProperties) = preSolution
		HideSolutionNode = FALSE
	EndGlobalSection
																											GlobalSection(MonoDevelopProperties) = preSolution
		StartupItem = Assembly-CSharp.csproj
		Policies = $0
		$0.TextStylePolicy = $1
		$1.inheritsSet = null
		$1.scope = text/x-csharp
		$0.CSharpFormattingPolicy = $2
		$2.inheritsSet = Mono
		$2.inheritsScope = text/x-csharp
		$2.scope = text/x-csharp
		$0.TextStylePolicy = $3
		$3.FileWidth = 120
		$3.TabWidth = 4
		$3.IndentWidth = 4
		$3.EolMarker = Unix
		$3.inheritsSet = Mono
		$3.inheritsScope = text/plain
		$3.scope = text/plain
	EndGlobalSection

EndGlobal
